// !$*UTF8*$!
{
	archiveVersion = 1;
	classes = {
	};
	objectVersion = 46;
	objects = {

/* Begin PBXBuildFile section */
		3B27F654197EDF2B0052C652 /* GRJAPIClient.swift in Sources */ = {isa = PBXBuildFile; fileRef = 3B27F653197EDF2B0052C652 /* GRJAPIClient.swift */; };
		3B27F656197EDF680052C652 /* GRJenkinsAPIClientTests.swift in Sources */ = {isa = PBXBuildFile; fileRef = 3B27F655197EDF680052C652 /* GRJenkinsAPIClientTests.swift */; };
		3B27F657197EE02D0052C652 /* GRJAPIClient.swift in Sources */ = {isa = PBXBuildFile; fileRef = 3B27F653197EDF2B0052C652 /* GRJAPIClient.swift */; };
		3B62AEAC1959387C00FB4861 /* AppDelegate.swift in Sources */ = {isa = PBXBuildFile; fileRef = 3B62AEAB1959387C00FB4861 /* AppDelegate.swift */; };
		3B62AEB11959387C00FB4861 /* Main.storyboard in Resources */ = {isa = PBXBuildFile; fileRef = 3B62AEAF1959387C00FB4861 /* Main.storyboard */; };
		3B62AEB31959387C00FB4861 /* Images.xcassets in Resources */ = {isa = PBXBuildFile; fileRef = 3B62AEB21959387C00FB4861 /* Images.xcassets */; };
		3B62AEBF1959387C00FB4861 /* JenkinsTests.swift in Sources */ = {isa = PBXBuildFile; fileRef = 3B62AEBE1959387C00FB4861 /* JenkinsTests.swift */; };
		3B62AEC919593A5400FB4861 /* GRJnstancesViewController.swift in Sources */ = {isa = PBXBuildFile; fileRef = 3B62AEC819593A5400FB4861 /* GRJnstancesViewController.swift */; };
		3BA1F88D1980582B00D4D878 /* GRJComm.m in Sources */ = {isa = PBXBuildFile; fileRef = 3BA1F88C1980582B00D4D878 /* GRJComm.m */; };
		3BA1F89319806E0300D4D878 /* libPods.a in Frameworks */ = {isa = PBXBuildFile; fileRef = 3BA1F89219806E0300D4D878 /* libPods.a */; };
		3BB4AE701959400900F10672 /* GRInstanceDataSource.swift in Sources */ = {isa = PBXBuildFile; fileRef = 3BB4AE6F1959400900F10672 /* GRInstanceDataSource.swift */; };
		3BEF657E195A51F4006CB69B /* GRInstanceDataSource.swift in Sources */ = {isa = PBXBuildFile; fileRef = 3BB4AE6F1959400900F10672 /* GRInstanceDataSource.swift */; };
		9D5A0EDEDD9E4FDA8BE0F433 /* libPods.a in Frameworks */ = {isa = PBXBuildFile; fileRef = B2230C70732C4A2AA7698901 /* libPods.a */; };
/* End PBXBuildFile section */

/* Begin PBXContainerItemProxy section */
		3B62AEB91959387C00FB4861 /* PBXContainerItemProxy */ = {
			isa = PBXContainerItemProxy;
			containerPortal = 3B62AE9E1959387C00FB4861 /* Project object */;
			proxyType = 1;
			remoteGlobalIDString = 3B62AEA51959387C00FB4861;
			remoteInfo = Jenkins;
		};
/* End PBXContainerItemProxy section */

/* Begin PBXFileReference section */
		3B27F653197EDF2B0052C652 /* GRJAPIClient.swift */ = {isa = PBXFileReference; fileEncoding = 4; lastKnownFileType = sourcecode.swift; name = GRJAPIClient.swift; path = API/GRJAPIClient.swift; sourceTree = "<group>"; };
		3B27F655197EDF680052C652 /* GRJenkinsAPIClientTests.swift */ = {isa = PBXFileReference; fileEncoding = 4; lastKnownFileType = sourcecode.swift; path = GRJenkinsAPIClientTests.swift; sourceTree = "<group>"; };
		3B27F658197EFD600052C652 /* Jenkins-Bridging-Header.h */ = {isa = PBXFileReference; lastKnownFileType = sourcecode.c.h; path = "Jenkins-Bridging-Header.h"; sourceTree = "<group>"; };
		3B62AEA61959387C00FB4861 /* Jenkins.app */ = {isa = PBXFileReference; explicitFileType = wrapper.application; includeInIndex = 0; path = Jenkins.app; sourceTree = BUILT_PRODUCTS_DIR; };
		3B62AEAA1959387C00FB4861 /* Info.plist */ = {isa = PBXFileReference; lastKnownFileType = text.plist.xml; path = Info.plist; sourceTree = "<group>"; };
		3B62AEAB1959387C00FB4861 /* AppDelegate.swift */ = {isa = PBXFileReference; lastKnownFileType = sourcecode.swift; path = AppDelegate.swift; sourceTree = "<group>"; };
		3B62AEB01959387C00FB4861 /* Base */ = {isa = PBXFileReference; lastKnownFileType = file.storyboard; name = Base; path = Base.lproj/Main.storyboard; sourceTree = "<group>"; };
		3B62AEB21959387C00FB4861 /* Images.xcassets */ = {isa = PBXFileReference; lastKnownFileType = folder.assetcatalog; path = Images.xcassets; sourceTree = "<group>"; };
		3B62AEB81959387C00FB4861 /* JenkinsTests.xctest */ = {isa = PBXFileReference; explicitFileType = wrapper.cfbundle; includeInIndex = 0; path = JenkinsTests.xctest; sourceTree = BUILT_PRODUCTS_DIR; };
		3B62AEBD1959387C00FB4861 /* Info.plist */ = {isa = PBXFileReference; lastKnownFileType = text.plist.xml; path = Info.plist; sourceTree = "<group>"; };
		3B62AEBE1959387C00FB4861 /* JenkinsTests.swift */ = {isa = PBXFileReference; lastKnownFileType = sourcecode.swift; path = JenkinsTests.swift; sourceTree = "<group>"; };
		3B62AEC819593A5400FB4861 /* GRJnstancesViewController.swift */ = {isa = PBXFileReference; fileEncoding = 4; lastKnownFileType = sourcecode.swift; name = GRJnstancesViewController.swift; path = ViewController/GRJnstancesViewController.swift; sourceTree = "<group>"; };
		3BA1F88B1980582B00D4D878 /* GRJComm.h */ = {isa = PBXFileReference; fileEncoding = 4; lastKnownFileType = sourcecode.c.h; name = GRJComm.h; path = API/GRJComm.h; sourceTree = "<group>"; };
		3BA1F88C1980582B00D4D878 /* GRJComm.m */ = {isa = PBXFileReference; fileEncoding = 4; lastKnownFileType = sourcecode.c.objc; name = GRJComm.m; path = API/GRJComm.m; sourceTree = "<group>"; };
		3BA1F88E19806CC300D4D878 /* JenkinsTests-Bridging-Header.h */ = {isa = PBXFileReference; lastKnownFileType = sourcecode.c.h; path = "JenkinsTests-Bridging-Header.h"; sourceTree = "<group>"; };
		3BA1F89219806E0300D4D878 /* libPods.a */ = {isa = PBXFileReference; lastKnownFileType = archive.ar; name = libPods.a; path = "Pods/build/Debug-iphoneos/libPods.a"; sourceTree = "<group>"; };
		3BB4AE6F1959400900F10672 /* GRInstanceDataSource.swift */ = {isa = PBXFileReference; fileEncoding = 4; lastKnownFileType = sourcecode.swift; path = GRInstanceDataSource.swift; sourceTree = "<group>"; };
		45D3A3ACFF8240EDB7112A37 /* Pods.xcconfig */ = {isa = PBXFileReference; includeInIndex = 1; lastKnownFileType = text.xcconfig; name = Pods.xcconfig; path = Pods/Pods.xcconfig; sourceTree = "<group>"; };
		B2230C70732C4A2AA7698901 /* libPods.a */ = {isa = PBXFileReference; explicitFileType = archive.ar; includeInIndex = 0; path = libPods.a; sourceTree = BUILT_PRODUCTS_DIR; };
/* End PBXFileReference section */

/* Begin PBXFrameworksBuildPhase section */
		3B62AEA31959387C00FB4861 /* Frameworks */ = {
			isa = PBXFrameworksBuildPhase;
			buildActionMask = 2147483647;
			files = (
				9D5A0EDEDD9E4FDA8BE0F433 /* libPods.a in Frameworks */,
			);
			runOnlyForDeploymentPostprocessing = 0;
		};
		3B62AEB51959387C00FB4861 /* Frameworks */ = {
			isa = PBXFrameworksBuildPhase;
			buildActionMask = 2147483647;
			files = (
				3BA1F89319806E0300D4D878 /* libPods.a in Frameworks */,
			);
			runOnlyForDeploymentPostprocessing = 0;
		};
/* End PBXFrameworksBuildPhase section */

/* Begin PBXGroup section */
		3B27F652197EDEBF0052C652 /* API */ = {
			isa = PBXGroup;
			children = (
				3B27F653197EDF2B0052C652 /* GRJAPIClient.swift */,
				3BA1F88B1980582B00D4D878 /* GRJComm.h */,
				3BA1F88C1980582B00D4D878 /* GRJComm.m */,
			);
			name = API;
			sourceTree = "<group>";
		};
		3B62AE9D1959387C00FB4861 = {
			isa = PBXGroup;
			children = (
				3B62AEA81959387C00FB4861 /* Jenkins */,
				3B62AEBB1959387C00FB4861 /* JenkinsTests */,
				3B62AEA71959387C00FB4861 /* Products */,
				45D3A3ACFF8240EDB7112A37 /* Pods.xcconfig */,
				49C6D200B99244F39D8C0A5B /* Frameworks */,
			);
			sourceTree = "<group>";
		};
		3B62AEA71959387C00FB4861 /* Products */ = {
			isa = PBXGroup;
			children = (
				3B62AEA61959387C00FB4861 /* Jenkins.app */,
				3B62AEB81959387C00FB4861 /* JenkinsTests.xctest */,
			);
			name = Products;
			sourceTree = "<group>";
		};
		3B62AEA81959387C00FB4861 /* Jenkins */ = {
			isa = PBXGroup;
			children = (
				3B27F652197EDEBF0052C652 /* API */,
				3BB4AE6E19593FE400F10672 /* dataSource */,
				3BB4AE6D19593FC800F10672 /* viewControllers */,
				3B62AEAB1959387C00FB4861 /* AppDelegate.swift */,
				3B62AEAF1959387C00FB4861 /* Main.storyboard */,
				3B62AEB21959387C00FB4861 /* Images.xcassets */,
				3B62AEA91959387C00FB4861 /* Supporting Files */,
				3B27F658197EFD600052C652 /* Jenkins-Bridging-Header.h */,
			);
			path = Jenkins;
			sourceTree = "<group>";
		};
		3B62AEA91959387C00FB4861 /* Supporting Files */ = {
			isa = PBXGroup;
			children = (
				3B62AEAA1959387C00FB4861 /* Info.plist */,
			);
			name = "Supporting Files";
			sourceTree = "<group>";
		};
		3B62AEBB1959387C00FB4861 /* JenkinsTests */ = {
			isa = PBXGroup;
			children = (
				3B62AEBE1959387C00FB4861 /* JenkinsTests.swift */,
				3B62AEBC1959387C00FB4861 /* Supporting Files */,
				3B27F655197EDF680052C652 /* GRJenkinsAPIClientTests.swift */,
				3BA1F88E19806CC300D4D878 /* JenkinsTests-Bridging-Header.h */,
			);
			path = JenkinsTests;
			sourceTree = "<group>";
		};
		3B62AEBC1959387C00FB4861 /* Supporting Files */ = {
			isa = PBXGroup;
			children = (
				3B62AEBD1959387C00FB4861 /* Info.plist */,
			);
			name = "Supporting Files";
			sourceTree = "<group>";
		};
		3BB4AE6D19593FC800F10672 /* viewControllers */ = {
			isa = PBXGroup;
			children = (
				3B62AEC819593A5400FB4861 /* GRJnstancesViewController.swift */,
			);
			name = viewControllers;
			sourceTree = "<group>";
		};
		3BB4AE6E19593FE400F10672 /* dataSource */ = {
			isa = PBXGroup;
			children = (
				3BB4AE6F1959400900F10672 /* GRInstanceDataSource.swift */,
			);
			name = dataSource;
			sourceTree = "<group>";
		};
		49C6D200B99244F39D8C0A5B /* Frameworks */ = {
			isa = PBXGroup;
			children = (
				3BA1F89219806E0300D4D878 /* libPods.a */,
				B2230C70732C4A2AA7698901 /* libPods.a */,
			);
			name = Frameworks;
			sourceTree = "<group>";
		};
/* End PBXGroup section */

/* Begin PBXNativeTarget section */
		3B62AEA51959387C00FB4861 /* Jenkins */ = {
			isa = PBXNativeTarget;
			buildConfigurationList = 3B62AEC21959387C00FB4861 /* Build configuration list for PBXNativeTarget "Jenkins" */;
			buildPhases = (
				D78338BD3B844C3C926A2320 /* Check Pods Manifest.lock */,
				3B62AEA21959387C00FB4861 /* Sources */,
				3B62AEA31959387C00FB4861 /* Frameworks */,
				3B62AEA41959387C00FB4861 /* Resources */,
				05B8DF8BDBFA4B8C824F4CE4 /* Copy Pods Resources */,
			);
			buildRules = (
			);
			dependencies = (
			);
			name = Jenkins;
			productName = Jenkins;
			productReference = 3B62AEA61959387C00FB4861 /* Jenkins.app */;
			productType = "com.apple.product-type.application";
		};
		3B62AEB71959387C00FB4861 /* JenkinsTests */ = {
			isa = PBXNativeTarget;
			buildConfigurationList = 3B62AEC51959387C00FB4861 /* Build configuration list for PBXNativeTarget "JenkinsTests" */;
			buildPhases = (
				3B62AEB41959387C00FB4861 /* Sources */,
				3B62AEB51959387C00FB4861 /* Frameworks */,
				3B62AEB61959387C00FB4861 /* Resources */,
			);
			buildRules = (
			);
			dependencies = (
				3B62AEBA1959387C00FB4861 /* PBXTargetDependency */,
			);
			name = JenkinsTests;
			productName = JenkinsTests;
			productReference = 3B62AEB81959387C00FB4861 /* JenkinsTests.xctest */;
			productType = "com.apple.product-type.bundle.unit-test";
		};
/* End PBXNativeTarget section */

/* Begin PBXProject section */
		3B62AE9E1959387C00FB4861 /* Project object */ = {
			isa = PBXProject;
			attributes = {
				LastUpgradeCheck = 0600;
				ORGANIZATIONNAME = "garrett richards";
				TargetAttributes = {
					3B62AEA51959387C00FB4861 = {
						CreatedOnToolsVersion = 6.0;
					};
					3B62AEB71959387C00FB4861 = {
						CreatedOnToolsVersion = 6.0;
						TestTargetID = 3B62AEA51959387C00FB4861;
					};
				};
			};
			buildConfigurationList = 3B62AEA11959387C00FB4861 /* Build configuration list for PBXProject "Jenkins" */;
			compatibilityVersion = "Xcode 3.2";
			developmentRegion = English;
			hasScannedForEncodings = 0;
			knownRegions = (
				en,
				Base,
			);
			mainGroup = 3B62AE9D1959387C00FB4861;
			productRefGroup = 3B62AEA71959387C00FB4861 /* Products */;
			projectDirPath = "";
			projectRoot = "";
			targets = (
				3B62AEA51959387C00FB4861 /* Jenkins */,
				3B62AEB71959387C00FB4861 /* JenkinsTests */,
			);
		};
/* End PBXProject section */

/* Begin PBXResourcesBuildPhase section */
		3B62AEA41959387C00FB4861 /* Resources */ = {
			isa = PBXResourcesBuildPhase;
			buildActionMask = 2147483647;
			files = (
				3B62AEB11959387C00FB4861 /* Main.storyboard in Resources */,
				3B62AEB31959387C00FB4861 /* Images.xcassets in Resources */,
			);
			runOnlyForDeploymentPostprocessing = 0;
		};
		3B62AEB61959387C00FB4861 /* Resources */ = {
			isa = PBXResourcesBuildPhase;
			buildActionMask = 2147483647;
			files = (
			);
			runOnlyForDeploymentPostprocessing = 0;
		};
/* End PBXResourcesBuildPhase section */

/* Begin PBXShellScriptBuildPhase section */
		05B8DF8BDBFA4B8C824F4CE4 /* Copy Pods Resources */ = {
			isa = PBXShellScriptBuildPhase;
			buildActionMask = 2147483647;
			files = (
			);
			inputPaths = (
			);
			name = "Copy Pods Resources";
			outputPaths = (
			);
			runOnlyForDeploymentPostprocessing = 0;
			shellPath = /bin/sh;
			shellScript = "\"${SRCROOT}/Pods/Pods-resources.sh\"\n";
			showEnvVarsInLog = 0;
		};
		D78338BD3B844C3C926A2320 /* Check Pods Manifest.lock */ = {
			isa = PBXShellScriptBuildPhase;
			buildActionMask = 2147483647;
			files = (
			);
			inputPaths = (
			);
			name = "Check Pods Manifest.lock";
			outputPaths = (
			);
			runOnlyForDeploymentPostprocessing = 0;
			shellPath = /bin/sh;
			shellScript = "diff \"${PODS_ROOT}/../Podfile.lock\" \"${PODS_ROOT}/Manifest.lock\" > /dev/null\nif [[ $? != 0 ]] ; then\n    cat << EOM\nerror: The sandbox is not in sync with the Podfile.lock. Run 'pod install' or update your CocoaPods installation.\nEOM\n    exit 1\nfi\n";
			showEnvVarsInLog = 0;
		};
/* End PBXShellScriptBuildPhase section */

/* Begin PBXSourcesBuildPhase section */
		3B62AEA21959387C00FB4861 /* Sources */ = {
			isa = PBXSourcesBuildPhase;
			buildActionMask = 2147483647;
			files = (
				3BA1F88D1980582B00D4D878 /* GRJComm.m in Sources */,
				3B62AEAC1959387C00FB4861 /* AppDelegate.swift in Sources */,
				3BB4AE701959400900F10672 /* GRInstanceDataSource.swift in Sources */,
				3B62AEC919593A5400FB4861 /* GRJnstancesViewController.swift in Sources */,
				3B27F654197EDF2B0052C652 /* GRJAPIClient.swift in Sources */,
			);
			runOnlyForDeploymentPostprocessing = 0;
		};
		3B62AEB41959387C00FB4861 /* Sources */ = {
			isa = PBXSourcesBuildPhase;
			buildActionMask = 2147483647;
			files = (
				3B27F656197EDF680052C652 /* GRJenkinsAPIClientTests.swift in Sources */,
				3BEF657E195A51F4006CB69B /* GRInstanceDataSource.swift in Sources */,
				3B62AEBF1959387C00FB4861 /* JenkinsTests.swift in Sources */,
				3B27F657197EE02D0052C652 /* GRJAPIClient.swift in Sources */,
			);
			runOnlyForDeploymentPostprocessing = 0;
		};
/* End PBXSourcesBuildPhase section */

/* Begin PBXTargetDependency section */
		3B62AEBA1959387C00FB4861 /* PBXTargetDependency */ = {
			isa = PBXTargetDependency;
			target = 3B62AEA51959387C00FB4861 /* Jenkins */;
			targetProxy = 3B62AEB91959387C00FB4861 /* PBXContainerItemProxy */;
		};
/* End PBXTargetDependency section */

/* Begin PBXVariantGroup section */
		3B62AEAF1959387C00FB4861 /* Main.storyboard */ = {
			isa = PBXVariantGroup;
			children = (
				3B62AEB01959387C00FB4861 /* Base */,
			);
			name = Main.storyboard;
			sourceTree = "<group>";
		};
/* End PBXVariantGroup section */

/* Begin XCBuildConfiguration section */
		3B62AEC01959387C00FB4861 /* Debug */ = {
			isa = XCBuildConfiguration;
			buildSettings = {
				ALWAYS_SEARCH_USER_PATHS = NO;
				CLANG_CXX_LANGUAGE_STANDARD = "gnu++0x";
				CLANG_CXX_LIBRARY = "libc++";
				CLANG_ENABLE_MODULES = YES;
				CLANG_ENABLE_OBJC_ARC = YES;
				CLANG_WARN_BOOL_CONVERSION = YES;
				CLANG_WARN_CONSTANT_CONVERSION = YES;
				CLANG_WARN_DIRECT_OBJC_ISA_USAGE = YES_ERROR;
				CLANG_WARN_EMPTY_BODY = YES;
				CLANG_WARN_ENUM_CONVERSION = YES;
				CLANG_WARN_INT_CONVERSION = YES;
				CLANG_WARN_OBJC_ROOT_CLASS = YES_ERROR;
				CLANG_WARN_UNREACHABLE_CODE = YES;
				CLANG_WARN__DUPLICATE_METHOD_MATCH = YES;
				"CODE_SIGN_IDENTITY[sdk=iphoneos*]" = "iPhone Developer";
				COPY_PHASE_STRIP = NO;
				ENABLE_STRICT_OBJC_MSGSEND = YES;
				GCC_C_LANGUAGE_STANDARD = gnu99;
				GCC_DYNAMIC_NO_PIC = NO;
				GCC_OPTIMIZATION_LEVEL = 0;
				GCC_PREPROCESSOR_DEFINITIONS = (
					"DEBUG=1",
					"$(inherited)",
				);
				GCC_SYMBOLS_PRIVATE_EXTERN = NO;
				GCC_WARN_64_TO_32_BIT_CONVERSION = YES;
				GCC_WARN_ABOUT_RETURN_TYPE = YES_ERROR;
				GCC_WARN_UNDECLARED_SELECTOR = YES;
				GCC_WARN_UNINITIALIZED_AUTOS = YES_AGGRESSIVE;
				GCC_WARN_UNUSED_FUNCTION = YES;
				GCC_WARN_UNUSED_VARIABLE = YES;
				IPHONEOS_DEPLOYMENT_TARGET = 8.0;
				METAL_ENABLE_DEBUG_INFO = YES;
				ONLY_ACTIVE_ARCH = YES;
				SDKROOT = iphoneos;
				SWIFT_OPTIMIZATION_LEVEL = "-Onone";
				TARGETED_DEVICE_FAMILY = "1,2";
			};
			name = Debug;
		};
		3B62AEC11959387C00FB4861 /* Release */ = {
			isa = XCBuildConfiguration;
			buildSettings = {
				ALWAYS_SEARCH_USER_PATHS = NO;
				CLANG_CXX_LANGUAGE_STANDARD = "gnu++0x";
				CLANG_CXX_LIBRARY = "libc++";
				CLANG_ENABLE_MODULES = YES;
				CLANG_ENABLE_OBJC_ARC = YES;
				CLANG_WARN_BOOL_CONVERSION = YES;
				CLANG_WARN_CONSTANT_CONVERSION = YES;
				CLANG_WARN_DIRECT_OBJC_ISA_USAGE = YES_ERROR;
				CLANG_WARN_EMPTY_BODY = YES;
				CLANG_WARN_ENUM_CONVERSION = YES;
				CLANG_WARN_INT_CONVERSION = YES;
				CLANG_WARN_OBJC_ROOT_CLASS = YES_ERROR;
				CLANG_WARN_UNREACHABLE_CODE = YES;
				CLANG_WARN__DUPLICATE_METHOD_MATCH = YES;
				"CODE_SIGN_IDENTITY[sdk=iphoneos*]" = "iPhone Developer";
				COPY_PHASE_STRIP = YES;
				ENABLE_NS_ASSERTIONS = NO;
				ENABLE_STRICT_OBJC_MSGSEND = YES;
				GCC_C_LANGUAGE_STANDARD = gnu99;
				GCC_WARN_64_TO_32_BIT_CONVERSION = YES;
				GCC_WARN_ABOUT_RETURN_TYPE = YES_ERROR;
				GCC_WARN_UNDECLARED_SELECTOR = YES;
				GCC_WARN_UNINITIALIZED_AUTOS = YES_AGGRESSIVE;
				GCC_WARN_UNUSED_FUNCTION = YES;
				GCC_WARN_UNUSED_VARIABLE = YES;
				IPHONEOS_DEPLOYMENT_TARGET = 8.0;
				METAL_ENABLE_DEBUG_INFO = NO;
				SDKROOT = iphoneos;
				TARGETED_DEVICE_FAMILY = "1,2";
				VALIDATE_PRODUCT = YES;
			};
			name = Release;
		};
		3B62AEC31959387C00FB4861 /* Debug */ = {
			isa = XCBuildConfiguration;
			baseConfigurationReference = 45D3A3ACFF8240EDB7112A37 /* Pods.xcconfig */;
			buildSettings = {
				ASSETCATALOG_COMPILER_APPICON_NAME = AppIcon;
				ASSETCATALOG_COMPILER_LAUNCHIMAGE_NAME = LaunchImage;
				CLANG_ENABLE_MODULES = YES;
				INFOPLIST_FILE = Jenkins/Info.plist;
				LD_RUNPATH_SEARCH_PATHS = "$(inherited) @executable_path/Frameworks";
				PRODUCT_NAME = "$(TARGET_NAME)";
				SWIFT_OBJC_BRIDGING_HEADER = "Jenkins/Jenkins-Bridging-Header.h";
				SWIFT_OPTIMIZATION_LEVEL = "-Onone";
			};
			name = Debug;
		};
		3B62AEC41959387C00FB4861 /* Release */ = {
			isa = XCBuildConfiguration;
			baseConfigurationReference = 45D3A3ACFF8240EDB7112A37 /* Pods.xcconfig */;
			buildSettings = {
				ASSETCATALOG_COMPILER_APPICON_NAME = AppIcon;
				ASSETCATALOG_COMPILER_LAUNCHIMAGE_NAME = LaunchImage;
				CLANG_ENABLE_MODULES = YES;
				INFOPLIST_FILE = Jenkins/Info.plist;
				LD_RUNPATH_SEARCH_PATHS = "$(inherited) @executable_path/Frameworks";
				PRODUCT_NAME = "$(TARGET_NAME)";
				SWIFT_OBJC_BRIDGING_HEADER = "Jenkins/Jenkins-Bridging-Header.h";
			};
			name = Release;
		};
		3B62AEC61959387C00FB4861 /* Debug */ = {
			isa = XCBuildConfiguration;
			buildSettings = {
				BUNDLE_LOADER = "$(BUILT_PRODUCTS_DIR)/Jenkins.app/Jenkins";
				CLANG_ENABLE_MODULES = YES;
				FRAMEWORK_SEARCH_PATHS = (
					"$(SDKROOT)/Developer/Library/Frameworks",
					"$(inherited)",
				);
				GCC_PREPROCESSOR_DEFINITIONS = (
					"DEBUG=1",
					"$(inherited)",
				);
				HEADER_SEARCH_PATHS = (
					"$(inherited)",
					"/Applications/Xcode6-Beta4.app/Contents/Developer/Toolchains/XcodeDefault.xctoolchain/usr/include",
					"\"${PODS_ROOT}/Headers/AFNetworking\"",
				);
				INFOPLIST_FILE = JenkinsTests/Info.plist;
				LD_RUNPATH_SEARCH_PATHS = "$(inherited) @executable_path/Frameworks @loader_path/Frameworks";
				LIBRARY_SEARCH_PATHS = (
					"$(inherited)",
					"$(PROJECT_DIR)/Pods/build/Debug-iphoneos",
				);
				METAL_ENABLE_DEBUG_INFO = YES;
				PRODUCT_NAME = "$(TARGET_NAME)";
				SWIFT_OBJC_BRIDGING_HEADER = "JenkinsTests/JenkinsTests-Bridging-Header.h";
				SWIFT_OPTIMIZATION_LEVEL = "-Onone";
				TEST_HOST = "$(BUNDLE_LOADER)";
			};
			name = Debug;
		};
		3B62AEC71959387C00FB4861 /* Release */ = {
			isa = XCBuildConfiguration;
			buildSettings = {
				BUNDLE_LOADER = "$(BUILT_PRODUCTS_DIR)/Jenkins.app/Jenkins";
				CLANG_ENABLE_MODULES = YES;
				FRAMEWORK_SEARCH_PATHS = (
					"$(SDKROOT)/Developer/Library/Frameworks",
					"$(inherited)",
				);
				HEADER_SEARCH_PATHS = (
					"$(inherited)",
					"/Applications/Xcode6-Beta4.app/Contents/Developer/Toolchains/XcodeDefault.xctoolchain/usr/include",
					"\"${PODS_ROOT}/Headers/AFNetworking\"",
				);
				INFOPLIST_FILE = JenkinsTests/Info.plist;
				LD_RUNPATH_SEARCH_PATHS = "$(inherited) @executable_path/Frameworks @loader_path/Frameworks";
				LIBRARY_SEARCH_PATHS = (
					"$(inherited)",
					"$(PROJECT_DIR)/Pods/build/Debug-iphoneos",
				);
				METAL_ENABLE_DEBUG_INFO = NO;
				PRODUCT_NAME = "$(TARGET_NAME)";
				SWIFT_OBJC_BRIDGING_HEADER = "JenkinsTests/JenkinsTests-Bridging-Header.h";
				TEST_HOST = "$(BUNDLE_LOADER)";
			};
			name = Release;
		};
/* End XCBuildConfiguration section */

/* Begin XCConfigurationList section */
		3B62AEA11959387C00FB4861 /* Build configuration list for PBXProject "Jenkins" */ = {
			isa = XCConfigurationList;
			buildConfigurations = (
				3B62AEC01959387C00FB4861 /* Debug */,
				3B62AEC11959387C00FB4861 /* Release */,
			);
			defaultConfigurationIsVisible = 0;
			defaultConfigurationName = Release;
		};
		3B62AEC21959387C00FB4861 /* Build configuration list for PBXNativeTarget "Jenkins" */ = {
			isa = XCConfigurationList;
			buildConfigurations = (
				3B62AEC31959387C00FB4861 /* Debug */,
				3B62AEC41959387C00FB4861 /* Release */,
			);
			defaultConfigurationIsVisible = 0;
			defaultConfigurationName = Release;
		};
		3B62AEC51959387C00FB4861 /* Build configuration list for PBXNativeTarget "JenkinsTests" */ = {
			isa = XCConfigurationList;
			buildConfigurations = (
				3B62AEC61959387C00FB4861 /* Debug */,
				3B62AEC71959387C00FB4861 /* Release */,
			);
			defaultConfigurationIsVisible = 0;
			defaultConfigurationName = Release;
		};
/* End XCConfigurationList section */
	};
	rootObject = 3B62AE9E1959387C00FB4861 /* Project object */;
}
